
Microsoft Visual Studio Solution File, Format Version 12.00
# Visual Studio Version 17
VisualStudioVersion = 17.13.35919.96
MinimumVisualStudioVersion = 10.0.40219.1
Project("{FAE04EC0-301F-11D3-BF4B-00C04F79EFBC}") = "SyllabusAPI", "SyllabusAPI\SyllabusAPI.csproj", "{78BC4A79-A5FA-45ED-A0D2-5E170A204B8B}"
	ProjectSection(ProjectDependencies) = postProject
		{15A087E7-093A-4F6A-9BF8-9716EE001F39} = {15A087E7-093A-4F6A-9BF8-9716EE001F39}
		{1FC92BCA-8481-451C-AF27-0512B317BAD2} = {1FC92BCA-8481-451C-AF27-0512B317BAD2}
		{916CBFE2-4B70-4170-80BC-FE99E96D7B37} = {916CBFE2-4B70-4170-80BC-FE99E96D7B37}
		{BACAD712-9ED3-44E7-83A1-B1CAF7DC0604} = {BACAD712-9ED3-44E7-83A1-B1CAF7DC0604}
		{D1550A27-1A12-47F9-BE78-3312BC2AAB6F} = {D1550A27-1A12-47F9-BE78-3312BC2AAB6F}
	EndProjectSection
EndProject
Project("{FAE04EC0-301F-11D3-BF4B-00C04F79EFBC}") = "Syllabus.Application", "Syllabus.Application\Syllabus.Application.csproj", "{1FC92BCA-8481-451C-AF27-0512B317BAD2}"
	ProjectSection(ProjectDependencies) = postProject
		{BACAD712-9ED3-44E7-83A1-B1CAF7DC0604} = {BACAD712-9ED3-44E7-83A1-B1CAF7DC0604}
		{D1550A27-1A12-47F9-BE78-3312BC2AAB6F} = {D1550A27-1A12-47F9-BE78-3312BC2AAB6F}
	EndProjectSection
EndProject
Project("{FAE04EC0-301F-11D3-BF4B-00C04F79EFBC}") = "Syllabus.Infrastructure", "Syllabus.Infrastructure\Syllabus.Infrastructure.csproj", "{916CBFE2-4B70-4170-80BC-FE99E96D7B37}"
	ProjectSection(ProjectDependencies) = postProject
		{D1550A27-1A12-47F9-BE78-3312BC2AAB6F} = {D1550A27-1A12-47F9-BE78-3312BC2AAB6F}
	EndProjectSection
EndProject
Project("{FAE04EC0-301F-11D3-BF4B-00C04F79EFBC}") = "Syllabus.Domain", "Syllabus.Domain\Syllabus.Domain.csproj", "{D1550A27-1A12-47F9-BE78-3312BC2AAB6F}"
EndProject
Project("{FAE04EC0-301F-11D3-BF4B-00C04F79EFBC}") = "Syllabus.Util", "Syllabus.Util\Syllabus.Util.csproj", "{15A087E7-093A-4F6A-9BF8-9716EE001F39}"
EndProject
Project("{FAE04EC0-301F-11D3-BF4B-00C04F79EFBC}") = "Syllabus.ApiContracts", "Syllabus.ApiContracts\Syllabus.ApiContracts.csproj", "{BACAD712-9ED3-44E7-83A1-B1CAF7DC0604}"
EndProject
Project("{E53339B2-1760-4266-BCC7-CA923CBCF16C}") = "docker-compose", "docker-compose.dcproj", "{81DDED9D-158B-E303-5F62-77A2896D2A5A}"
EndProject
Global
	GlobalSection(SolutionConfigurationPlatforms) = preSolution
		Debug|Any CPU = Debug|Any CPU
		Release|Any CPU = Release|Any CPU
	EndGlobalSection
	GlobalSection(ProjectConfigurationPlatforms) = postSolution
		{78BC4A79-A5FA-45ED-A0D2-5E170A204B8B}.Debug|Any CPU.ActiveCfg = Debug|Any CPU
		{78BC4A79-A5FA-45ED-A0D2-5E170A204B8B}.Debug|Any CPU.Build.0 = Debug|Any CPU
		{78BC4A79-A5FA-45ED-A0D2-5E170A204B8B}.Release|Any CPU.ActiveCfg = Release|Any CPU
		{78BC4A79-A5FA-45ED-A0D2-5E170A204B8B}.Release|Any CPU.Build.0 = Release|Any CPU
		{1FC92BCA-8481-451C-AF27-0512B317BAD2}.Debug|Any CPU.ActiveCfg = Debug|Any CPU
		{1FC92BCA-8481-451C-AF27-0512B317BAD2}.Debug|Any CPU.Build.0 = Debug|Any CPU
		{1FC92BCA-8481-451C-AF27-0512B317BAD2}.Release|Any CPU.ActiveCfg = Release|Any CPU
		{1FC92BCA-8481-451C-AF27-0512B317BAD2}.Release|Any CPU.Build.0 = Release|Any CPU
		{916CBFE2-4B70-4170-80BC-FE99E96D7B37}.Debug|Any CPU.ActiveCfg = Debug|Any CPU
		{916CBFE2-4B70-4170-80BC-FE99E96D7B37}.Debug|Any CPU.Build.0 = Debug|Any CPU
		{916CBFE2-4B70-4170-80BC-FE99E96D7B37}.Release|Any CPU.ActiveCfg = Release|Any CPU
		{916CBFE2-4B70-4170-80BC-FE99E96D7B37}.Release|Any CPU.Build.0 = Release|Any CPU
		{D1550A27-1A12-47F9-BE78-3312BC2AAB6F}.Debug|Any CPU.ActiveCfg = Debug|Any CPU
		{D1550A27-1A12-47F9-BE78-3312BC2AAB6F}.Debug|Any CPU.Build.0 = Debug|Any CPU
		{D1550A27-1A12-47F9-BE78-3312BC2AAB6F}.Release|Any CPU.ActiveCfg = Release|Any CPU
		{D1550A27-1A12-47F9-BE78-3312BC2AAB6F}.Release|Any CPU.Build.0 = Release|Any CPU
		{15A087E7-093A-4F6A-9BF8-9716EE001F39}.Debug|Any CPU.ActiveCfg = Debug|Any CPU
		{15A087E7-093A-4F6A-9BF8-9716EE001F39}.Debug|Any CPU.Build.0 = Debug|Any CPU
		{15A087E7-093A-4F6A-9BF8-9716EE001F39}.Release|Any CPU.ActiveCfg = Release|Any CPU
		{15A087E7-093A-4F6A-9BF8-9716EE001F39}.Release|Any CPU.Build.0 = Release|Any CPU
		{BACAD712-9ED3-44E7-83A1-B1CAF7DC0604}.Debug|Any CPU.ActiveCfg = Debug|Any CPU
		{BACAD712-9ED3-44E7-83A1-B1CAF7DC0604}.Debug|Any CPU.Build.0 = Debug|Any CPU
		{BACAD712-9ED3-44E7-83A1-B1CAF7DC0604}.Release|Any CPU.ActiveCfg = Release|Any CPU
		{BACAD712-9ED3-44E7-83A1-B1CAF7DC0604}.Release|Any CPU.Build.0 = Release|Any CPU
		{81DDED9D-158B-E303-5F62-77A2896D2A5A}.Debug|Any CPU.ActiveCfg = Debug|Any CPU
		{81DDED9D-158B-E303-5F62-77A2896D2A5A}.Debug|Any CPU.Build.0 = Debug|Any CPU
		{81DDED9D-158B-E303-5F62-77A2896D2A5A}.Release|Any CPU.ActiveCfg = Release|Any CPU
		{81DDED9D-158B-E303-5F62-77A2896D2A5A}.Release|Any CPU.Build.0 = Release|Any CPU
	EndGlobalSection
	GlobalSection(SolutionProperties) = preSolution
		HideSolutionNode = FALSE
	EndGlobalSection
	GlobalSection(ExtensibilityGlobals) = postSolution
		SolutionGuid = {315C791B-D52D-4485-B2E4-E9FE8C94B2A3}
	EndGlobalSection
EndGlobal
